
Microsoft Visual Studio Solution File, Format Version 12.00
# Visual Studio Version 16
VisualStudioVersion = 16.0.30621.155
MinimumVisualStudioVersion = 10.0.40219.1
Project("{9A19103F-16F7-4668-BE54-9A1E7A4F7556}") = "SudokuOmegaOfir", "SudokuOmegaOfir\SudokuOmegaOfir.csproj", "{55218BFC-84FA-498F-8247-C2DB80684E25}"
EndProject
Project("{9A19103F-16F7-4668-BE54-9A1E7A4F7556}") = "SudokuTests", "SudokuTests\SudokuTests.csproj", "{48F69000-4BCA-4A72-A50A-C6FB6C992AFA}"
EndProject
Global
	GlobalSection(SolutionConfigurationPlatforms) = preSolution
		Debug|Any CPU = Debug|Any CPU
		Release|Any CPU = Release|Any CPU
	EndGlobalSection
	GlobalSection(ProjectConfigurationPlatforms) = postSolution
		{55218BFC-84FA-498F-8247-C2DB80684E25}.Debug|Any CPU.ActiveCfg = Debug|Any CPU
		{55218BFC-84FA-498F-8247-C2DB80684E25}.Debug|Any CPU.Build.0 = Debug|Any CPU
		{55218BFC-84FA-498F-8247-C2DB80684E25}.Release|Any CPU.ActiveCfg = Release|Any CPU
		{55218BFC-84FA-498F-8247-C2DB80684E25}.Release|Any CPU.Build.0 = Release|Any CPU
		{48F69000-4BCA-4A72-A50A-C6FB6C992AFA}.Debug|Any CPU.ActiveCfg = Debug|Any CPU
		{48F69000-4BCA-4A72-A50A-C6FB6C992AFA}.Debug|Any CPU.Build.0 = Debug|Any CPU
		{48F69000-4BCA-4A72-A50A-C6FB6C992AFA}.Release|Any CPU.ActiveCfg = Release|Any CPU
		{48F69000-4BCA-4A72-A50A-C6FB6C992AFA}.Release|Any CPU.Build.0 = Release|Any CPU
	EndGlobalSection
	GlobalSection(SolutionProperties) = preSolution
		HideSolutionNode = FALSE
	EndGlobalSection
	GlobalSection(ExtensibilityGlobals) = postSolution
		SolutionGuid = {FD3E30B2-CFA5-44E0-A60F-8F16A629DB51}
	EndGlobalSection
EndGlobal
